PODS:
  - SDWebImage (5.13.0):
    - SDWebImage/Core (= 5.13.0)
  - SDWebImage/Core (5.13.0)
  - SwiftKeychainWrapper (4.0.1)

DEPENDENCIES:
  - SDWebImage
  - SwiftKeychainWrapper (= 4.0.1)

SPEC REPOS:
  trunk:
    - SDWebImage
    - SwiftKeychainWrapper

SPEC CHECKSUMS:
  SDWebImage: 0327043dbb9533e75f2eff8445b3df0f2ceca6ac
  SwiftKeychainWrapper: 807ba1d63c33a7d0613288512399cd1eda1e470c

PODFILE CHECKSUM: d52045bb30082741756105177ca548b11c703af2

COCOAPODS: 1.11.2
