// !$*UTF8*$!
{
	archiveVersion = 1;
	classes = {
	};
	objectVersion = 55;
	objects = {

/* Begin PBXBuildFile section */
		950140A528782F6300D97222 /* SDWebImage in Frameworks */ = {isa = PBXBuildFile; productRef = 950140A428782F6300D97222 /* SDWebImage */; };
		950140A828782F9A00D97222 /* SwiftKeychainWrapper in Frameworks */ = {isa = PBXBuildFile; productRef = 950140A728782F9A00D97222 /* SwiftKeychainWrapper */; };
		950140AA2878315300D97222 /* PostAuthorCell.swift in Sources */ = {isa = PBXBuildFile; fileRef = 950140A92878315300D97222 /* PostAuthorCell.swift */; };
		950140AC2878316200D97222 /* PostLikeCell.swift in Sources */ = {isa = PBXBuildFile; fileRef = 950140AB2878316200D97222 /* PostLikeCell.swift */; };
		950140AE2878318400D97222 /* PostPhotoCell.swift in Sources */ = {isa = PBXBuildFile; fileRef = 950140AD2878318400D97222 /* PostPhotoCell.swift */; };
		950140B02878319700D97222 /* PostTextCell.swift in Sources */ = {isa = PBXBuildFile; fileRef = 950140AF2878319700D97222 /* PostTextCell.swift */; };
		950140B328783AD600D97222 /* SnapKit in Frameworks */ = {isa = PBXBuildFile; productRef = 950140B228783AD600D97222 /* SnapKit */; };
		9517F9E6286A1EB100CE77E9 /* Session.swift in Sources */ = {isa = PBXBuildFile; fileRef = 9517F9E5286A1EB100CE77E9 /* Session.swift */; };
		9517F9EA286A1FD300CE77E9 /* FriendsVC.swift in Sources */ = {isa = PBXBuildFile; fileRef = 9517F9E9286A1FD300CE77E9 /* FriendsVC.swift */; };
		953171012873755A0030C6EF /* GroupsVC.swift in Sources */ = {isa = PBXBuildFile; fileRef = 953171002873755A0030C6EF /* GroupsVC.swift */; };
		95317103287375750030C6EF /* GroupAPI.swift in Sources */ = {isa = PBXBuildFile; fileRef = 95317102287375750030C6EF /* GroupAPI.swift */; };
		95317106287375AE0030C6EF /* GroupCell.swift in Sources */ = {isa = PBXBuildFile; fileRef = 95317105287375AE0030C6EF /* GroupCell.swift */; };
		95317109287383710030C6EF /* Group.swift in Sources */ = {isa = PBXBuildFile; fileRef = 95317108287383710030C6EF /* Group.swift */; };
		9539C24828718D310061FC85 /* FriendAPI.swift in Sources */ = {isa = PBXBuildFile; fileRef = 9539C24728718D310061FC85 /* FriendAPI.swift */; };
		9539C24C28718DF30061FC85 /* Friend.swift in Sources */ = {isa = PBXBuildFile; fileRef = 9539C24B28718DF30061FC85 /* Friend.swift */; };
		9539C24E287191920061FC85 /* Data+PrettyJSON.swift in Sources */ = {isa = PBXBuildFile; fileRef = 9539C24D287191920061FC85 /* Data+PrettyJSON.swift */; };
		955F87AE28801F5000797B31 /* PostCellModel.swift in Sources */ = {isa = PBXBuildFile; fileRef = 955F87AD28801F5000797B31 /* PostCellModel.swift */; };
		95711A002871A26F00A5EFC5 /* MainTabBar.swift in Sources */ = {isa = PBXBuildFile; fileRef = 957119FF2871A26F00A5EFC5 /* MainTabBar.swift */; };
		957BAE35286B10FF0021DC8C /* UIVIew+PinEdges.swift in Sources */ = {isa = PBXBuildFile; fileRef = 957BAE34286B10FF0021DC8C /* UIVIew+PinEdges.swift */; };
		957BAE37286B14040021DC8C /* FriendCell.swift in Sources */ = {isa = PBXBuildFile; fileRef = 957BAE36286B14040021DC8C /* FriendCell.swift */; };
		957BAE3C286B14F30021DC8C /* AuthorizeVC.swift in Sources */ = {isa = PBXBuildFile; fileRef = 957BAE3B286B14F30021DC8C /* AuthorizeVC.swift */; };
		957BAE3E286B20A50021DC8C /* FriendVC1.swift in Sources */ = {isa = PBXBuildFile; fileRef = 957BAE3D286B20A50021DC8C /* FriendVC1.swift */; };
		95B526852865BD8E00235637 /* AppDelegate.swift in Sources */ = {isa = PBXBuildFile; fileRef = 95B526842865BD8E00235637 /* AppDelegate.swift */; };
		95B526872865BD8E00235637 /* SceneDelegate.swift in Sources */ = {isa = PBXBuildFile; fileRef = 95B526862865BD8E00235637 /* SceneDelegate.swift */; };
		95B5268E2865BD8F00235637 /* Assets.xcassets in Resources */ = {isa = PBXBuildFile; fileRef = 95B5268D2865BD8F00235637 /* Assets.xcassets */; };
		95B526912865BD8F00235637 /* LaunchScreen.storyboard in Resources */ = {isa = PBXBuildFile; fileRef = 95B5268F2865BD8F00235637 /* LaunchScreen.storyboard */; };
		95DCEF1E2874AFAE00783127 /* PhotoAPI.swift in Sources */ = {isa = PBXBuildFile; fileRef = 95DCEF1D2874AFAE00783127 /* PhotoAPI.swift */; };
		95DCEF202874AFE000783127 /* PhotoVC.swift in Sources */ = {isa = PBXBuildFile; fileRef = 95DCEF1F2874AFE000783127 /* PhotoVC.swift */; };
		95DCEF232874C4EE00783127 /* PhotoCell.swift in Sources */ = {isa = PBXBuildFile; fileRef = 95DCEF222874C4EE00783127 /* PhotoCell.swift */; };
		95DCEF262874D01800783127 /* Photo.swift in Sources */ = {isa = PBXBuildFile; fileRef = 95DCEF252874D01800783127 /* Photo.swift */; };
		95DCEF282876EAAF00783127 /* NewsAPI.swift in Sources */ = {isa = PBXBuildFile; fileRef = 95DCEF272876EAAF00783127 /* NewsAPI.swift */; };
		95DCEF2A2876EB0300783127 /* Post.swift in Sources */ = {isa = PBXBuildFile; fileRef = 95DCEF292876EB0300783127 /* Post.swift */; };
		95DCEF2C2876EB2F00783127 /* NewsFeedVC.swift in Sources */ = {isa = PBXBuildFile; fileRef = 95DCEF2B2876EB2F00783127 /* NewsFeedVC.swift */; };
		95DCEF322876EBB300783127 /* Formatter.swift in Sources */ = {isa = PBXBuildFile; fileRef = 95DCEF312876EBB300783127 /* Formatter.swift */; };
/* End PBXBuildFile section */

/* Begin PBXFileReference section */
		950140A92878315300D97222 /* PostAuthorCell.swift */ = {isa = PBXFileReference; lastKnownFileType = sourcecode.swift; path = PostAuthorCell.swift; sourceTree = "<group>"; };
		950140AB2878316200D97222 /* PostLikeCell.swift */ = {isa = PBXFileReference; lastKnownFileType = sourcecode.swift; path = PostLikeCell.swift; sourceTree = "<group>"; };
		950140AD2878318400D97222 /* PostPhotoCell.swift */ = {isa = PBXFileReference; lastKnownFileType = sourcecode.swift; path = PostPhotoCell.swift; sourceTree = "<group>"; };
		950140AF2878319700D97222 /* PostTextCell.swift */ = {isa = PBXFileReference; lastKnownFileType = sourcecode.swift; path = PostTextCell.swift; sourceTree = "<group>"; };
		9517F9E5286A1EB100CE77E9 /* Session.swift */ = {isa = PBXFileReference; lastKnownFileType = sourcecode.swift; path = Session.swift; sourceTree = "<group>"; };
		9517F9E9286A1FD300CE77E9 /* FriendsVC.swift */ = {isa = PBXFileReference; lastKnownFileType = sourcecode.swift; path = FriendsVC.swift; sourceTree = "<group>"; };
		953171002873755A0030C6EF /* GroupsVC.swift */ = {isa = PBXFileReference; lastKnownFileType = sourcecode.swift; path = GroupsVC.swift; sourceTree = "<group>"; };
		95317102287375750030C6EF /* GroupAPI.swift */ = {isa = PBXFileReference; lastKnownFileType = sourcecode.swift; path = GroupAPI.swift; sourceTree = "<group>"; };
		95317105287375AE0030C6EF /* GroupCell.swift */ = {isa = PBXFileReference; lastKnownFileType = sourcecode.swift; path = GroupCell.swift; sourceTree = "<group>"; };
		95317108287383710030C6EF /* Group.swift */ = {isa = PBXFileReference; lastKnownFileType = sourcecode.swift; path = Group.swift; sourceTree = "<group>"; };
		9539C24728718D310061FC85 /* FriendAPI.swift */ = {isa = PBXFileReference; lastKnownFileType = sourcecode.swift; path = FriendAPI.swift; sourceTree = "<group>"; };
		9539C24B28718DF30061FC85 /* Friend.swift */ = {isa = PBXFileReference; lastKnownFileType = sourcecode.swift; path = Friend.swift; sourceTree = "<group>"; };
		9539C24D287191920061FC85 /* Data+PrettyJSON.swift */ = {isa = PBXFileReference; lastKnownFileType = sourcecode.swift; path = "Data+PrettyJSON.swift"; sourceTree = "<group>"; };
		955F87AD28801F5000797B31 /* PostCellModel.swift */ = {isa = PBXFileReference; lastKnownFileType = sourcecode.swift; path = PostCellModel.swift; sourceTree = "<group>"; };
		957119FF2871A26F00A5EFC5 /* MainTabBar.swift */ = {isa = PBXFileReference; lastKnownFileType = sourcecode.swift; path = MainTabBar.swift; sourceTree = "<group>"; };
		957BAE34286B10FF0021DC8C /* UIVIew+PinEdges.swift */ = {isa = PBXFileReference; lastKnownFileType = sourcecode.swift; path = "UIVIew+PinEdges.swift"; sourceTree = "<group>"; };
		957BAE36286B14040021DC8C /* FriendCell.swift */ = {isa = PBXFileReference; lastKnownFileType = sourcecode.swift; path = FriendCell.swift; sourceTree = "<group>"; };
		957BAE3B286B14F30021DC8C /* AuthorizeVC.swift */ = {isa = PBXFileReference; fileEncoding = 4; lastKnownFileType = sourcecode.swift; path = AuthorizeVC.swift; sourceTree = "<group>"; };
		957BAE3D286B20A50021DC8C /* FriendVC1.swift */ = {isa = PBXFileReference; lastKnownFileType = sourcecode.swift; path = FriendVC1.swift; sourceTree = "<group>"; };
		95B526812865BD8E00235637 /* VK-API.app */ = {isa = PBXFileReference; explicitFileType = wrapper.application; includeInIndex = 0; path = "VK-API.app"; sourceTree = BUILT_PRODUCTS_DIR; };
		95B526842865BD8E00235637 /* AppDelegate.swift */ = {isa = PBXFileReference; lastKnownFileType = sourcecode.swift; path = AppDelegate.swift; sourceTree = "<group>"; };
		95B526862865BD8E00235637 /* SceneDelegate.swift */ = {isa = PBXFileReference; lastKnownFileType = sourcecode.swift; path = SceneDelegate.swift; sourceTree = "<group>"; };
		95B5268D2865BD8F00235637 /* Assets.xcassets */ = {isa = PBXFileReference; lastKnownFileType = folder.assetcatalog; path = Assets.xcassets; sourceTree = "<group>"; };
		95B526902865BD8F00235637 /* Base */ = {isa = PBXFileReference; lastKnownFileType = file.storyboard; name = Base; path = Base.lproj/LaunchScreen.storyboard; sourceTree = "<group>"; };
		95B526922865BD8F00235637 /* Info.plist */ = {isa = PBXFileReference; lastKnownFileType = text.plist.xml; path = Info.plist; sourceTree = "<group>"; };
		95DCEF1D2874AFAE00783127 /* PhotoAPI.swift */ = {isa = PBXFileReference; lastKnownFileType = sourcecode.swift; path = PhotoAPI.swift; sourceTree = "<group>"; };
		95DCEF1F2874AFE000783127 /* PhotoVC.swift */ = {isa = PBXFileReference; lastKnownFileType = sourcecode.swift; path = PhotoVC.swift; sourceTree = "<group>"; };
		95DCEF222874C4EE00783127 /* PhotoCell.swift */ = {isa = PBXFileReference; lastKnownFileType = sourcecode.swift; path = PhotoCell.swift; sourceTree = "<group>"; };
		95DCEF252874D01800783127 /* Photo.swift */ = {isa = PBXFileReference; lastKnownFileType = sourcecode.swift; path = Photo.swift; sourceTree = "<group>"; };
		95DCEF272876EAAF00783127 /* NewsAPI.swift */ = {isa = PBXFileReference; lastKnownFileType = sourcecode.swift; path = NewsAPI.swift; sourceTree = "<group>"; };
		95DCEF292876EB0300783127 /* Post.swift */ = {isa = PBXFileReference; lastKnownFileType = sourcecode.swift; path = Post.swift; sourceTree = "<group>"; };
		95DCEF2B2876EB2F00783127 /* NewsFeedVC.swift */ = {isa = PBXFileReference; lastKnownFileType = sourcecode.swift; path = NewsFeedVC.swift; sourceTree = "<group>"; };
		95DCEF312876EBB300783127 /* Formatter.swift */ = {isa = PBXFileReference; lastKnownFileType = sourcecode.swift; path = Formatter.swift; sourceTree = "<group>"; };
/* End PBXFileReference section */

/* Begin PBXFrameworksBuildPhase section */
		95B5267E2865BD8E00235637 /* Frameworks */ = {
			isa = PBXFrameworksBuildPhase;
			buildActionMask = 2147483647;
			files = (
				950140B328783AD600D97222 /* SnapKit in Frameworks */,
				950140A828782F9A00D97222 /* SwiftKeychainWrapper in Frameworks */,
				950140A528782F6300D97222 /* SDWebImage in Frameworks */,
			);
			runOnlyForDeploymentPostprocessing = 0;
		};
/* End PBXFrameworksBuildPhase section */

/* Begin PBXGroup section */
		9517F9E4286A1E8D00CE77E9 /* Services */ = {
			isa = PBXGroup;
			children = (
				9517F9E5286A1EB100CE77E9 /* Session.swift */,
				9539C24728718D310061FC85 /* FriendAPI.swift */,
				95317102287375750030C6EF /* GroupAPI.swift */,
				95DCEF1D2874AFAE00783127 /* PhotoAPI.swift */,
				95DCEF272876EAAF00783127 /* NewsAPI.swift */,
			);
			path = Services;
			sourceTree = "<group>";
		};
		953170FF2873751F0030C6EF /* Groups */ = {
			isa = PBXGroup;
			children = (
				953171002873755A0030C6EF /* GroupsVC.swift */,
				95317104287375870030C6EF /* Cell */,
			);
			path = Groups;
			sourceTree = "<group>";
		};
		95317104287375870030C6EF /* Cell */ = {
			isa = PBXGroup;
			children = (
				95317105287375AE0030C6EF /* GroupCell.swift */,
			);
			path = Cell;
			sourceTree = "<group>";
		};
		9539C24A28718DC40061FC85 /* Models */ = {
			isa = PBXGroup;
			children = (
				9539C24B28718DF30061FC85 /* Friend.swift */,
				95317108287383710030C6EF /* Group.swift */,
				95DCEF252874D01800783127 /* Photo.swift */,
				95DCEF292876EB0300783127 /* Post.swift */,
			);
			path = Models;
			sourceTree = "<group>";
		};
		955F87AF28801F6D00797B31 /* Models */ = {
			isa = PBXGroup;
			children = (
				955F87AD28801F5000797B31 /* PostCellModel.swift */,
			);
			path = Models;
			sourceTree = "<group>";
		};
		957119FE2871A24800A5EFC5 /* MainTabBar */ = {
			isa = PBXGroup;
			children = (
				957119FF2871A26F00A5EFC5 /* MainTabBar.swift */,
			);
			path = MainTabBar;
			sourceTree = "<group>";
		};
		957BAE33286B10CF0021DC8C /* Extensions */ = {
			isa = PBXGroup;
			children = (
				957BAE34286B10FF0021DC8C /* UIVIew+PinEdges.swift */,
				9539C24D287191920061FC85 /* Data+PrettyJSON.swift */,
			);
			path = Extensions;
			sourceTree = "<group>";
		};
		957BAE38286B14090021DC8C /* Cell */ = {
			isa = PBXGroup;
			children = (
				957BAE36286B14040021DC8C /* FriendCell.swift */,
			);
			path = Cell;
			sourceTree = "<group>";
		};
		957BAE39286B14390021DC8C /* Authorize */ = {
			isa = PBXGroup;
			children = (
				957BAE3B286B14F30021DC8C /* AuthorizeVC.swift */,
			);
			path = Authorize;
			sourceTree = "<group>";
		};
		957BAE3A286B144E0021DC8C /* Friends */ = {
			isa = PBXGroup;
			children = (
				9517F9E9286A1FD300CE77E9 /* FriendsVC.swift */,
				957BAE38286B14090021DC8C /* Cell */,
				957BAE40286B24580021DC8C /* Friends+DataSource */,
			);
			path = Friends;
			sourceTree = "<group>";
		};
		957BAE40286B24580021DC8C /* Friends+DataSource */ = {
			isa = PBXGroup;
			children = (
				957BAE3D286B20A50021DC8C /* FriendVC1.swift */,
			);
			path = "Friends+DataSource";
			sourceTree = "<group>";
		};
		95B526782865BD8E00235637 = {
			isa = PBXGroup;
			children = (
				95B526832865BD8E00235637 /* VK-API */,
				95B526822865BD8E00235637 /* Products */,
			);
			sourceTree = "<group>";
		};
		95B526822865BD8E00235637 /* Products */ = {
			isa = PBXGroup;
			children = (
				95B526812865BD8E00235637 /* VK-API.app */,
			);
			name = Products;
			sourceTree = "<group>";
		};
		95B526832865BD8E00235637 /* VK-API */ = {
			isa = PBXGroup;
			children = (
				95B5269B2865C1EB00235637 /* Core */,
				95B5269C2865C1FE00235637 /* Screens */,
				9539C24A28718DC40061FC85 /* Models */,
				9517F9E4286A1E8D00CE77E9 /* Services */,
				957BAE33286B10CF0021DC8C /* Extensions */,
				95DCEF302876EB9F00783127 /* Helpers */,
				95B5269D2865C21F00235637 /* Resources */,
			);
			path = "VK-API";
			sourceTree = "<group>";
		};
		95B5269B2865C1EB00235637 /* Core */ = {
			isa = PBXGroup;
			children = (
				95B526842865BD8E00235637 /* AppDelegate.swift */,
				95B526862865BD8E00235637 /* SceneDelegate.swift */,
			);
			path = Core;
			sourceTree = "<group>";
		};
		95B5269C2865C1FE00235637 /* Screens */ = {
			isa = PBXGroup;
			children = (
				957BAE39286B14390021DC8C /* Authorize */,
				957119FE2871A24800A5EFC5 /* MainTabBar */,
				953170FF2873751F0030C6EF /* Groups */,
				957BAE3A286B144E0021DC8C /* Friends */,
				95DCEF212874AFEA00783127 /* Photos */,
				95DCEF2D2876EB3800783127 /* News */,
			);
			path = Screens;
			sourceTree = "<group>";
		};
		95B5269D2865C21F00235637 /* Resources */ = {
			isa = PBXGroup;
			children = (
				95B5268D2865BD8F00235637 /* Assets.xcassets */,
				95B5268F2865BD8F00235637 /* LaunchScreen.storyboard */,
				95B526922865BD8F00235637 /* Info.plist */,
			);
			path = Resources;
			sourceTree = "<group>";
		};
		95DCEF212874AFEA00783127 /* Photos */ = {
			isa = PBXGroup;
			children = (
				95DCEF1F2874AFE000783127 /* PhotoVC.swift */,
				95DCEF242874C4F200783127 /* Cell */,
			);
			path = Photos;
			sourceTree = "<group>";
		};
		95DCEF242874C4F200783127 /* Cell */ = {
			isa = PBXGroup;
			children = (
				95DCEF222874C4EE00783127 /* PhotoCell.swift */,
			);
			path = Cell;
			sourceTree = "<group>";
		};
		95DCEF2D2876EB3800783127 /* News */ = {
			isa = PBXGroup;
			children = (
				95DCEF2B2876EB2F00783127 /* NewsFeedVC.swift */,
				955F87AF28801F6D00797B31 /* Models */,
				95DCEF332876EC5400783127 /* Cells */,
			);
			path = News;
			sourceTree = "<group>";
		};
		95DCEF302876EB9F00783127 /* Helpers */ = {
			isa = PBXGroup;
			children = (
				95DCEF312876EBB300783127 /* Formatter.swift */,
			);
			path = Helpers;
			sourceTree = "<group>";
		};
		95DCEF332876EC5400783127 /* Cells */ = {
			isa = PBXGroup;
			children = (
				950140A92878315300D97222 /* PostAuthorCell.swift */,
				950140AB2878316200D97222 /* PostLikeCell.swift */,
				950140AD2878318400D97222 /* PostPhotoCell.swift */,
				950140AF2878319700D97222 /* PostTextCell.swift */,
			);
			path = Cells;
			sourceTree = "<group>";
		};
/* End PBXGroup section */

/* Begin PBXNativeTarget section */
		95B526802865BD8E00235637 /* VK-API */ = {
			isa = PBXNativeTarget;
			buildConfigurationList = 95B526952865BD8F00235637 /* Build configuration list for PBXNativeTarget "VK-API" */;
			buildPhases = (
				95B5267D2865BD8E00235637 /* Sources */,
				95B5267E2865BD8E00235637 /* Frameworks */,
				95B5267F2865BD8E00235637 /* Resources */,
			);
			buildRules = (
			);
			dependencies = (
			);
			name = "VK-API";
			packageProductDependencies = (
				950140A428782F6300D97222 /* SDWebImage */,
				950140A728782F9A00D97222 /* SwiftKeychainWrapper */,
				950140B228783AD600D97222 /* SnapKit */,
			);
			productName = "VK-API";
			productReference = 95B526812865BD8E00235637 /* VK-API.app */;
			productType = "com.apple.product-type.application";
		};
/* End PBXNativeTarget section */

/* Begin PBXProject section */
		95B526792865BD8E00235637 /* Project object */ = {
			isa = PBXProject;
			attributes = {
				BuildIndependentTargetsInParallel = 1;
				LastSwiftUpdateCheck = 1320;
				LastUpgradeCheck = 1320;
				TargetAttributes = {
					95B526802865BD8E00235637 = {
						CreatedOnToolsVersion = 13.2.1;
					};
				};
			};
			buildConfigurationList = 95B5267C2865BD8E00235637 /* Build configuration list for PBXProject "VK-API" */;
			compatibilityVersion = "Xcode 13.0";
			developmentRegion = en;
			hasScannedForEncodings = 0;
			knownRegions = (
				en,
				Base,
			);
			mainGroup = 95B526782865BD8E00235637;
			packageReferences = (
				950140A328782F6300D97222 /* XCRemoteSwiftPackageReference "SDWebImage" */,
				950140A628782F9A00D97222 /* XCRemoteSwiftPackageReference "SwiftKeychainWrapper" */,
				950140B128783AD600D97222 /* XCRemoteSwiftPackageReference "SnapKit" */,
			);
			productRefGroup = 95B526822865BD8E00235637 /* Products */;
			projectDirPath = "";
			projectRoot = "";
			targets = (
				95B526802865BD8E00235637 /* VK-API */,
			);
		};
/* End PBXProject section */

/* Begin PBXResourcesBuildPhase section */
		95B5267F2865BD8E00235637 /* Resources */ = {
			isa = PBXResourcesBuildPhase;
			buildActionMask = 2147483647;
			files = (
				95B526912865BD8F00235637 /* LaunchScreen.storyboard in Resources */,
				95B5268E2865BD8F00235637 /* Assets.xcassets in Resources */,
			);
			runOnlyForDeploymentPostprocessing = 0;
		};
/* End PBXResourcesBuildPhase section */

/* Begin PBXSourcesBuildPhase section */
		95B5267D2865BD8E00235637 /* Sources */ = {
			isa = PBXSourcesBuildPhase;
			buildActionMask = 2147483647;
			files = (
				95317106287375AE0030C6EF /* GroupCell.swift in Sources */,
				95317103287375750030C6EF /* GroupAPI.swift in Sources */,
				95711A002871A26F00A5EFC5 /* MainTabBar.swift in Sources */,
				95317109287383710030C6EF /* Group.swift in Sources */,
				95DCEF262874D01800783127 /* Photo.swift in Sources */,
				95DCEF282876EAAF00783127 /* NewsAPI.swift in Sources */,
				95DCEF2A2876EB0300783127 /* Post.swift in Sources */,
				957BAE3E286B20A50021DC8C /* FriendVC1.swift in Sources */,
				955F87AE28801F5000797B31 /* PostCellModel.swift in Sources */,
				950140AA2878315300D97222 /* PostAuthorCell.swift in Sources */,
				9539C24828718D310061FC85 /* FriendAPI.swift in Sources */,
				957BAE37286B14040021DC8C /* FriendCell.swift in Sources */,
				9517F9E6286A1EB100CE77E9 /* Session.swift in Sources */,
				957BAE3C286B14F30021DC8C /* AuthorizeVC.swift in Sources */,
				950140AC2878316200D97222 /* PostLikeCell.swift in Sources */,
				95B526852865BD8E00235637 /* AppDelegate.swift in Sources */,
				957BAE35286B10FF0021DC8C /* UIVIew+PinEdges.swift in Sources */,
				95DCEF232874C4EE00783127 /* PhotoCell.swift in Sources */,
				9539C24C28718DF30061FC85 /* Friend.swift in Sources */,
				950140AE2878318400D97222 /* PostPhotoCell.swift in Sources */,
				95DCEF1E2874AFAE00783127 /* PhotoAPI.swift in Sources */,
				950140B02878319700D97222 /* PostTextCell.swift in Sources */,
				95DCEF322876EBB300783127 /* Formatter.swift in Sources */,
				95B526872865BD8E00235637 /* SceneDelegate.swift in Sources */,
				953171012873755A0030C6EF /* GroupsVC.swift in Sources */,
				9517F9EA286A1FD300CE77E9 /* FriendsVC.swift in Sources */,
				95DCEF2C2876EB2F00783127 /* NewsFeedVC.swift in Sources */,
				9539C24E287191920061FC85 /* Data+PrettyJSON.swift in Sources */,
				95DCEF202874AFE000783127 /* PhotoVC.swift in Sources */,
			);
			runOnlyForDeploymentPostprocessing = 0;
		};
/* End PBXSourcesBuildPhase section */

/* Begin PBXVariantGroup section */
		95B5268F2865BD8F00235637 /* LaunchScreen.storyboard */ = {
			isa = PBXVariantGroup;
			children = (
				95B526902865BD8F00235637 /* Base */,
			);
			name = LaunchScreen.storyboard;
			sourceTree = "<group>";
		};
/* End PBXVariantGroup section */

/* Begin XCBuildConfiguration section */
		95B526932865BD8F00235637 /* Debug */ = {
			isa = XCBuildConfiguration;
			buildSettings = {
				ALWAYS_SEARCH_USER_PATHS = NO;
				CLANG_ANALYZER_NONNULL = YES;
				CLANG_ANALYZER_NUMBER_OBJECT_CONVERSION = YES_AGGRESSIVE;
				CLANG_CXX_LANGUAGE_STANDARD = "gnu++17";
				CLANG_CXX_LIBRARY = "libc++";
				CLANG_ENABLE_MODULES = YES;
				CLANG_ENABLE_OBJC_ARC = YES;
				CLANG_ENABLE_OBJC_WEAK = YES;
				CLANG_WARN_BLOCK_CAPTURE_AUTORELEASING = YES;
				CLANG_WARN_BOOL_CONVERSION = YES;
				CLANG_WARN_COMMA = YES;
				CLANG_WARN_CONSTANT_CONVERSION = YES;
				CLANG_WARN_DEPRECATED_OBJC_IMPLEMENTATIONS = YES;
				CLANG_WARN_DIRECT_OBJC_ISA_USAGE = YES_ERROR;
				CLANG_WARN_DOCUMENTATION_COMMENTS = YES;
				CLANG_WARN_EMPTY_BODY = YES;
				CLANG_WARN_ENUM_CONVERSION = YES;
				CLANG_WARN_INFINITE_RECURSION = YES;
				CLANG_WARN_INT_CONVERSION = YES;
				CLANG_WARN_NON_LITERAL_NULL_CONVERSION = YES;
				CLANG_WARN_OBJC_IMPLICIT_RETAIN_SELF = YES;
				CLANG_WARN_OBJC_LITERAL_CONVERSION = YES;
				CLANG_WARN_OBJC_ROOT_CLASS = YES_ERROR;
				CLANG_WARN_QUOTED_INCLUDE_IN_FRAMEWORK_HEADER = YES;
				CLANG_WARN_RANGE_LOOP_ANALYSIS = YES;
				CLANG_WARN_STRICT_PROTOTYPES = YES;
				CLANG_WARN_SUSPICIOUS_MOVE = YES;
				CLANG_WARN_UNGUARDED_AVAILABILITY = YES_AGGRESSIVE;
				CLANG_WARN_UNREACHABLE_CODE = YES;
				CLANG_WARN__DUPLICATE_METHOD_MATCH = YES;
				COPY_PHASE_STRIP = NO;
				DEBUG_INFORMATION_FORMAT = dwarf;
				ENABLE_STRICT_OBJC_MSGSEND = YES;
				ENABLE_TESTABILITY = YES;
				GCC_C_LANGUAGE_STANDARD = gnu11;
				GCC_DYNAMIC_NO_PIC = NO;
				GCC_NO_COMMON_BLOCKS = YES;
				GCC_OPTIMIZATION_LEVEL = 0;
				GCC_PREPROCESSOR_DEFINITIONS = (
					"DEBUG=1",
					"$(inherited)",
				);
				GCC_WARN_64_TO_32_BIT_CONVERSION = YES;
				GCC_WARN_ABOUT_RETURN_TYPE = YES_ERROR;
				GCC_WARN_UNDECLARED_SELECTOR = YES;
				GCC_WARN_UNINITIALIZED_AUTOS = YES_AGGRESSIVE;
				GCC_WARN_UNUSED_FUNCTION = YES;
				GCC_WARN_UNUSED_VARIABLE = YES;
				IPHONEOS_DEPLOYMENT_TARGET = 15.2;
				MTL_ENABLE_DEBUG_INFO = INCLUDE_SOURCE;
				MTL_FAST_MATH = YES;
				ONLY_ACTIVE_ARCH = YES;
				SDKROOT = iphoneos;
				SWIFT_ACTIVE_COMPILATION_CONDITIONS = DEBUG;
				SWIFT_OPTIMIZATION_LEVEL = "-Onone";
			};
			name = Debug;
		};
		95B526942865BD8F00235637 /* Release */ = {
			isa = XCBuildConfiguration;
			buildSettings = {
				ALWAYS_SEARCH_USER_PATHS = NO;
				CLANG_ANALYZER_NONNULL = YES;
				CLANG_ANALYZER_NUMBER_OBJECT_CONVERSION = YES_AGGRESSIVE;
				CLANG_CXX_LANGUAGE_STANDARD = "gnu++17";
				CLANG_CXX_LIBRARY = "libc++";
				CLANG_ENABLE_MODULES = YES;
				CLANG_ENABLE_OBJC_ARC = YES;
				CLANG_ENABLE_OBJC_WEAK = YES;
				CLANG_WARN_BLOCK_CAPTURE_AUTORELEASING = YES;
				CLANG_WARN_BOOL_CONVERSION = YES;
				CLANG_WARN_COMMA = YES;
				CLANG_WARN_CONSTANT_CONVERSION = YES;
				CLANG_WARN_DEPRECATED_OBJC_IMPLEMENTATIONS = YES;
				CLANG_WARN_DIRECT_OBJC_ISA_USAGE = YES_ERROR;
				CLANG_WARN_DOCUMENTATION_COMMENTS = YES;
				CLANG_WARN_EMPTY_BODY = YES;
				CLANG_WARN_ENUM_CONVERSION = YES;
				CLANG_WARN_INFINITE_RECURSION = YES;
				CLANG_WARN_INT_CONVERSION = YES;
				CLANG_WARN_NON_LITERAL_NULL_CONVERSION = YES;
				CLANG_WARN_OBJC_IMPLICIT_RETAIN_SELF = YES;
				CLANG_WARN_OBJC_LITERAL_CONVERSION = YES;
				CLANG_WARN_OBJC_ROOT_CLASS = YES_ERROR;
				CLANG_WARN_QUOTED_INCLUDE_IN_FRAMEWORK_HEADER = YES;
				CLANG_WARN_RANGE_LOOP_ANALYSIS = YES;
				CLANG_WARN_STRICT_PROTOTYPES = YES;
				CLANG_WARN_SUSPICIOUS_MOVE = YES;
				CLANG_WARN_UNGUARDED_AVAILABILITY = YES_AGGRESSIVE;
				CLANG_WARN_UNREACHABLE_CODE = YES;
				CLANG_WARN__DUPLICATE_METHOD_MATCH = YES;
				COPY_PHASE_STRIP = NO;
				DEBUG_INFORMATION_FORMAT = "dwarf-with-dsym";
				ENABLE_NS_ASSERTIONS = NO;
				ENABLE_STRICT_OBJC_MSGSEND = YES;
				GCC_C_LANGUAGE_STANDARD = gnu11;
				GCC_NO_COMMON_BLOCKS = YES;
				GCC_WARN_64_TO_32_BIT_CONVERSION = YES;
				GCC_WARN_ABOUT_RETURN_TYPE = YES_ERROR;
				GCC_WARN_UNDECLARED_SELECTOR = YES;
				GCC_WARN_UNINITIALIZED_AUTOS = YES_AGGRESSIVE;
				GCC_WARN_UNUSED_FUNCTION = YES;
				GCC_WARN_UNUSED_VARIABLE = YES;
				IPHONEOS_DEPLOYMENT_TARGET = 15.2;
				MTL_ENABLE_DEBUG_INFO = NO;
				MTL_FAST_MATH = YES;
				SDKROOT = iphoneos;
				SWIFT_COMPILATION_MODE = wholemodule;
				SWIFT_OPTIMIZATION_LEVEL = "-O";
				VALIDATE_PRODUCT = YES;
			};
			name = Release;
		};
		95B526962865BD8F00235637 /* Debug */ = {
			isa = XCBuildConfiguration;
			buildSettings = {
				ASSETCATALOG_COMPILER_APPICON_NAME = AppIcon;
				ASSETCATALOG_COMPILER_GLOBAL_ACCENT_COLOR_NAME = AccentColor;
				CODE_SIGN_STYLE = Automatic;
				CURRENT_PROJECT_VERSION = 1;
				DEVELOPMENT_TEAM = 727WSJDZ7D;
				GENERATE_INFOPLIST_FILE = YES;
				INFOPLIST_FILE = "VK-API/Resources/Info.plist";
				INFOPLIST_KEY_UIApplicationSupportsIndirectInputEvents = YES;
				INFOPLIST_KEY_UILaunchStoryboardName = LaunchScreen;
				INFOPLIST_KEY_UISupportedInterfaceOrientations_iPad = "UIInterfaceOrientationPortrait UIInterfaceOrientationPortraitUpsideDown UIInterfaceOrientationLandscapeLeft UIInterfaceOrientationLandscapeRight";
				INFOPLIST_KEY_UISupportedInterfaceOrientations_iPhone = "UIInterfaceOrientationPortrait UIInterfaceOrientationLandscapeLeft UIInterfaceOrientationLandscapeRight";
				LD_RUNPATH_SEARCH_PATHS = (
					"$(inherited)",
					"@executable_path/Frameworks",
				);
				MARKETING_VERSION = 1.0;
				PRODUCT_BUNDLE_IDENTIFIER = "none.VK-API";
				PRODUCT_NAME = "$(TARGET_NAME)";
				SWIFT_EMIT_LOC_STRINGS = YES;
				SWIFT_VERSION = 5.0;
				TARGETED_DEVICE_FAMILY = "1,2";
			};
			name = Debug;
		};
		95B526972865BD8F00235637 /* Release */ = {
			isa = XCBuildConfiguration;
			buildSettings = {
				ASSETCATALOG_COMPILER_APPICON_NAME = AppIcon;
				ASSETCATALOG_COMPILER_GLOBAL_ACCENT_COLOR_NAME = AccentColor;
				CODE_SIGN_STYLE = Automatic;
				CURRENT_PROJECT_VERSION = 1;
				DEVELOPMENT_TEAM = 727WSJDZ7D;
				GENERATE_INFOPLIST_FILE = YES;
				INFOPLIST_FILE = "VK-API/Resources/Info.plist";
				INFOPLIST_KEY_UIApplicationSupportsIndirectInputEvents = YES;
				INFOPLIST_KEY_UILaunchStoryboardName = LaunchScreen;
				INFOPLIST_KEY_UISupportedInterfaceOrientations_iPad = "UIInterfaceOrientationPortrait UIInterfaceOrientationPortraitUpsideDown UIInterfaceOrientationLandscapeLeft UIInterfaceOrientationLandscapeRight";
				INFOPLIST_KEY_UISupportedInterfaceOrientations_iPhone = "UIInterfaceOrientationPortrait UIInterfaceOrientationLandscapeLeft UIInterfaceOrientationLandscapeRight";
				LD_RUNPATH_SEARCH_PATHS = (
					"$(inherited)",
					"@executable_path/Frameworks",
				);
				MARKETING_VERSION = 1.0;
				PRODUCT_BUNDLE_IDENTIFIER = "none.VK-API";
				PRODUCT_NAME = "$(TARGET_NAME)";
				SWIFT_EMIT_LOC_STRINGS = YES;
				SWIFT_VERSION = 5.0;
				TARGETED_DEVICE_FAMILY = "1,2";
			};
			name = Release;
		};
/* End XCBuildConfiguration section */

/* Begin XCConfigurationList section */
		95B5267C2865BD8E00235637 /* Build configuration list for PBXProject "VK-API" */ = {
			isa = XCConfigurationList;
			buildConfigurations = (
				95B526932865BD8F00235637 /* Debug */,
				95B526942865BD8F00235637 /* Release */,
			);
			defaultConfigurationIsVisible = 0;
			defaultConfigurationName = Release;
		};
		95B526952865BD8F00235637 /* Build configuration list for PBXNativeTarget "VK-API" */ = {
			isa = XCConfigurationList;
			buildConfigurations = (
				95B526962865BD8F00235637 /* Debug */,
				95B526972865BD8F00235637 /* Release */,
			);
			defaultConfigurationIsVisible = 0;
			defaultConfigurationName = Release;
		};
/* End XCConfigurationList section */

/* Begin XCRemoteSwiftPackageReference section */
		950140A328782F6300D97222 /* XCRemoteSwiftPackageReference "SDWebImage" */ = {
			isa = XCRemoteSwiftPackageReference;
			repositoryURL = "https://github.com/SDWebImage/SDWebImage.git";
			requirement = {
				kind = upToNextMajorVersion;
				minimumVersion = 5.0.0;
			};
		};
		950140A628782F9A00D97222 /* XCRemoteSwiftPackageReference "SwiftKeychainWrapper" */ = {
			isa = XCRemoteSwiftPackageReference;
			repositoryURL = "https://github.com/jrendel/SwiftKeychainWrapper.git";
			requirement = {
				kind = upToNextMajorVersion;
				minimumVersion = 4.0.0;
			};
		};
		950140B128783AD600D97222 /* XCRemoteSwiftPackageReference "SnapKit" */ = {
			isa = XCRemoteSwiftPackageReference;
			repositoryURL = "https://github.com/SnapKit/SnapKit.git";
			requirement = {
				kind = upToNextMajorVersion;
				minimumVersion = 5.0.0;
			};
		};
/* End XCRemoteSwiftPackageReference section */

/* Begin XCSwiftPackageProductDependency section */
		950140A428782F6300D97222 /* SDWebImage */ = {
			isa = XCSwiftPackageProductDependency;
			package = 950140A328782F6300D97222 /* XCRemoteSwiftPackageReference "SDWebImage" */;
			productName = SDWebImage;
		};
		950140A728782F9A00D97222 /* SwiftKeychainWrapper */ = {
			isa = XCSwiftPackageProductDependency;
			package = 950140A628782F9A00D97222 /* XCRemoteSwiftPackageReference "SwiftKeychainWrapper" */;
			productName = SwiftKeychainWrapper;
		};
		950140B228783AD600D97222 /* SnapKit */ = {
			isa = XCSwiftPackageProductDependency;
			package = 950140B128783AD600D97222 /* XCRemoteSwiftPackageReference "SnapKit" */;
			productName = SnapKit;
		};
/* End XCSwiftPackageProductDependency section */
	};
	rootObject = 95B526792865BD8E00235637 /* Project object */;
}
